
Microsoft Visual Studio Solution File, Format Version 12.00
# Visual Studio Version 16
VisualStudioVersion = 16.0.30621.155
MinimumVisualStudioVersion = 10.0.40219.1
Project("{9A19103F-16F7-4668-BE54-9A1E7A4F7556}") = "kodlamaio1", "kodlamaio1\kodlamaio1.csproj", "{6BBA39EF-AC6D-4490-AB10-837535166989}"
EndProject
Project("{9A19103F-16F7-4668-BE54-9A1E7A4F7556}") = "Matematik", "matematik\Matematik.csproj", "{1D356FB6-232E-45BA-AD9D-9FA2F683A10E}"
EndProject
Project("{9A19103F-16F7-4668-BE54-9A1E7A4F7556}") = "DegerVeReferansTipleri", "DegerVeReferansTipleri\DegerVeReferansTipleri.csproj", "{EA585752-8E77-4A3B-8633-ADFE8CE097AE}"
EndProject
Project("{FAE04EC0-301F-11D3-BF4B-00C04F79EFBC}") = "RefOutParametreleri", "RefOutParametreleri\RefOutParametreleri.csproj", "{14469864-440B-441E-8F1C-9B021370408C}"
EndProject
Global
	GlobalSection(SolutionConfigurationPlatforms) = preSolution
		Debug|Any CPU = Debug|Any CPU
		Release|Any CPU = Release|Any CPU
	EndGlobalSection
	GlobalSection(ProjectConfigurationPlatforms) = postSolution
		{6BBA39EF-AC6D-4490-AB10-837535166989}.Debug|Any CPU.ActiveCfg = Debug|Any CPU
		{6BBA39EF-AC6D-4490-AB10-837535166989}.Debug|Any CPU.Build.0 = Debug|Any CPU
		{6BBA39EF-AC6D-4490-AB10-837535166989}.Release|Any CPU.ActiveCfg = Release|Any CPU
		{6BBA39EF-AC6D-4490-AB10-837535166989}.Release|Any CPU.Build.0 = Release|Any CPU
		{1D356FB6-232E-45BA-AD9D-9FA2F683A10E}.Debug|Any CPU.ActiveCfg = Debug|Any CPU
		{1D356FB6-232E-45BA-AD9D-9FA2F683A10E}.Debug|Any CPU.Build.0 = Debug|Any CPU
		{1D356FB6-232E-45BA-AD9D-9FA2F683A10E}.Release|Any CPU.ActiveCfg = Release|Any CPU
		{1D356FB6-232E-45BA-AD9D-9FA2F683A10E}.Release|Any CPU.Build.0 = Release|Any CPU
		{EA585752-8E77-4A3B-8633-ADFE8CE097AE}.Debug|Any CPU.ActiveCfg = Debug|Any CPU
		{EA585752-8E77-4A3B-8633-ADFE8CE097AE}.Debug|Any CPU.Build.0 = Debug|Any CPU
		{EA585752-8E77-4A3B-8633-ADFE8CE097AE}.Release|Any CPU.ActiveCfg = Release|Any CPU
		{EA585752-8E77-4A3B-8633-ADFE8CE097AE}.Release|Any CPU.Build.0 = Release|Any CPU
		{14469864-440B-441E-8F1C-9B021370408C}.Debug|Any CPU.ActiveCfg = Debug|Any CPU
		{14469864-440B-441E-8F1C-9B021370408C}.Debug|Any CPU.Build.0 = Debug|Any CPU
		{14469864-440B-441E-8F1C-9B021370408C}.Release|Any CPU.ActiveCfg = Release|Any CPU
		{14469864-440B-441E-8F1C-9B021370408C}.Release|Any CPU.Build.0 = Release|Any CPU
	EndGlobalSection
	GlobalSection(SolutionProperties) = preSolution
		HideSolutionNode = FALSE
	EndGlobalSection
	GlobalSection(ExtensibilityGlobals) = postSolution
		SolutionGuid = {2FFBBA3C-D829-40D1-8E1C-5071A10420A2}
	EndGlobalSection
EndGlobal
